
Microsoft Visual Studio Solution File, Format Version 12.00
# Visual Studio Version 17
VisualStudioVersion = 17.11.35303.130
MinimumVisualStudioVersion = 10.0.40219.1
Project("{8BC9CEB8-8B4A-11D0-8D11-00A0C91BC942}") = "Proxy", "Proxy.vcxproj", "{6DE5AFD0-7696-4E41-8C4D-F8D7F7F29315}"
	ProjectSection(ProjectDependencies) = postProject
		{EE38841C-6498-4CBC-98FF-09D498CBBEB1} = {EE38841C-6498-4CBC-98FF-09D498CBBEB1}
	EndProjectSection
EndProject
Project("{8BC9CEB8-8B4A-11D0-8D11-00A0C91BC942}") = "TestProxy", "TestProxy\TestProxy.vcxproj", "{EE38841C-6498-4CBC-98FF-09D498CBBEB1}"
EndProject
Global
	GlobalSection(SolutionConfigurationPlatforms) = preSolution
		Debug|x64 = Debug|x64
		Debug|x86 = Debug|x86
		Release|x64 = Release|x64
		Release|x86 = Release|x86
	EndGlobalSection
	GlobalSection(ProjectConfigurationPlatforms) = postSolution
		{6DE5AFD0-7696-4E41-8C4D-F8D7F7F29315}.Debug|x64.ActiveCfg = Debug|x64
		{6DE5AFD0-7696-4E41-8C4D-F8D7F7F29315}.Debug|x64.Build.0 = Debug|x64
		{6DE5AFD0-7696-4E41-8C4D-F8D7F7F29315}.Debug|x86.ActiveCfg = Debug|Win32
		{6DE5AFD0-7696-4E41-8C4D-F8D7F7F29315}.Debug|x86.Build.0 = Debug|Win32
		{6DE5AFD0-7696-4E41-8C4D-F8D7F7F29315}.Release|x64.ActiveCfg = Release|x64
		{6DE5AFD0-7696-4E41-8C4D-F8D7F7F29315}.Release|x64.Build.0 = Release|x64
		{6DE5AFD0-7696-4E41-8C4D-F8D7F7F29315}.Release|x86.ActiveCfg = Release|Win32
		{6DE5AFD0-7696-4E41-8C4D-F8D7F7F29315}.Release|x86.Build.0 = Release|Win32
		{EE38841C-6498-4CBC-98FF-09D498CBBEB1}.Debug|x64.ActiveCfg = Debug|x64
		{EE38841C-6498-4CBC-98FF-09D498CBBEB1}.Debug|x64.Build.0 = Debug|x64
		{EE38841C-6498-4CBC-98FF-09D498CBBEB1}.Debug|x86.ActiveCfg = Debug|Win32
		{EE38841C-6498-4CBC-98FF-09D498CBBEB1}.Debug|x86.Build.0 = Debug|Win32
		{EE38841C-6498-4CBC-98FF-09D498CBBEB1}.Release|x64.ActiveCfg = Release|x64
		{EE38841C-6498-4CBC-98FF-09D498CBBEB1}.Release|x64.Build.0 = Release|x64
		{EE38841C-6498-4CBC-98FF-09D498CBBEB1}.Release|x86.ActiveCfg = Release|Win32
		{EE38841C-6498-4CBC-98FF-09D498CBBEB1}.Release|x86.Build.0 = Release|Win32
	EndGlobalSection
	GlobalSection(SolutionProperties) = preSolution
		HideSolutionNode = FALSE
	EndGlobalSection
	GlobalSection(ExtensibilityGlobals) = postSolution
		SolutionGuid = {873A8C13-387F-4F23-A48E-14028F969798}
	EndGlobalSection
EndGlobal
